
Microsoft Visual Studio Solution File, Format Version 12.00
# Visual Studio Version 17
VisualStudioVersion = 17.12.35506.116 d17.12
MinimumVisualStudioVersion = 10.0.40219.1
Project("{8BC9CEB8-8B4A-11D0-8D11-00A0C91BC942}") = "Matrix", "Matrix\Matrix.vcxproj", "{1B27ABB9-BA54-43F3-A6B6-5D8C390142F8}"
EndProject
Project("{8BC9CEB8-8B4A-11D0-8D11-00A0C91BC942}") = "Solver", "Solver\Solver.vcxproj", "{3CFFC98D-FD57-4F87-ABAE-759B1559C743}"
EndProject
Project("{8BC9CEB8-8B4A-11D0-8D11-00A0C91BC942}") = "SolverTests", "SolverTests\SolverTests.vcxproj", "{CA84B48D-5C81-4DF8-9E44-213B6D2BE7B7}"
EndProject
Global
	GlobalSection(SolutionConfigurationPlatforms) = preSolution
		Debug|x64 = Debug|x64
		Debug|x86 = Debug|x86
		Release|x64 = Release|x64
		Release|x86 = Release|x86
	EndGlobalSection
	GlobalSection(ProjectConfigurationPlatforms) = postSolution
		{1B27ABB9-BA54-43F3-A6B6-5D8C390142F8}.Debug|x64.ActiveCfg = Debug|x64
		{1B27ABB9-BA54-43F3-A6B6-5D8C390142F8}.Debug|x64.Build.0 = Debug|x64
		{1B27ABB9-BA54-43F3-A6B6-5D8C390142F8}.Debug|x86.ActiveCfg = Debug|Win32
		{1B27ABB9-BA54-43F3-A6B6-5D8C390142F8}.Debug|x86.Build.0 = Debug|Win32
		{1B27ABB9-BA54-43F3-A6B6-5D8C390142F8}.Release|x64.ActiveCfg = Release|x64
		{1B27ABB9-BA54-43F3-A6B6-5D8C390142F8}.Release|x64.Build.0 = Release|x64
		{1B27ABB9-BA54-43F3-A6B6-5D8C390142F8}.Release|x86.ActiveCfg = Release|Win32
		{1B27ABB9-BA54-43F3-A6B6-5D8C390142F8}.Release|x86.Build.0 = Release|Win32
		{3CFFC98D-FD57-4F87-ABAE-759B1559C743}.Debug|x64.ActiveCfg = Debug|x64
		{3CFFC98D-FD57-4F87-ABAE-759B1559C743}.Debug|x64.Build.0 = Debug|x64
		{3CFFC98D-FD57-4F87-ABAE-759B1559C743}.Debug|x86.ActiveCfg = Debug|Win32
		{3CFFC98D-FD57-4F87-ABAE-759B1559C743}.Debug|x86.Build.0 = Debug|Win32
		{3CFFC98D-FD57-4F87-ABAE-759B1559C743}.Release|x64.ActiveCfg = Release|x64
		{3CFFC98D-FD57-4F87-ABAE-759B1559C743}.Release|x64.Build.0 = Release|x64
		{3CFFC98D-FD57-4F87-ABAE-759B1559C743}.Release|x86.ActiveCfg = Release|Win32
		{3CFFC98D-FD57-4F87-ABAE-759B1559C743}.Release|x86.Build.0 = Release|Win32
		{CA84B48D-5C81-4DF8-9E44-213B6D2BE7B7}.Debug|x64.ActiveCfg = Debug|x64
		{CA84B48D-5C81-4DF8-9E44-213B6D2BE7B7}.Debug|x64.Build.0 = Debug|x64
		{CA84B48D-5C81-4DF8-9E44-213B6D2BE7B7}.Debug|x86.ActiveCfg = Debug|Win32
		{CA84B48D-5C81-4DF8-9E44-213B6D2BE7B7}.Debug|x86.Build.0 = Debug|Win32
		{CA84B48D-5C81-4DF8-9E44-213B6D2BE7B7}.Release|x64.ActiveCfg = Release|x64
		{CA84B48D-5C81-4DF8-9E44-213B6D2BE7B7}.Release|x64.Build.0 = Release|x64
		{CA84B48D-5C81-4DF8-9E44-213B6D2BE7B7}.Release|x86.ActiveCfg = Release|Win32
		{CA84B48D-5C81-4DF8-9E44-213B6D2BE7B7}.Release|x86.Build.0 = Release|Win32
	EndGlobalSection
	GlobalSection(SolutionProperties) = preSolution
		HideSolutionNode = FALSE
	EndGlobalSection
EndGlobal
